// !$*UTF8*$!
{
	archiveVersion = 1;
	classes = {
	};
	objectVersion = 56;
	objects = {

/* Begin PBXBuildFile section */
		F52506C92ACDABE10008FFC3 /* AppDelegate.swift in Sources */ = {isa = PBXBuildFile; fileRef = F52506C82ACDABE10008FFC3 /* AppDelegate.swift */; };
		F52506CB2ACDABE10008FFC3 /* SceneDelegate.swift in Sources */ = {isa = PBXBuildFile; fileRef = F52506CA2ACDABE10008FFC3 /* SceneDelegate.swift */; };
		F52506D02ACDABE10008FFC3 /* Main.storyboard in Resources */ = {isa = PBXBuildFile; fileRef = F52506CE2ACDABE10008FFC3 /* Main.storyboard */; };
		F52506D52ACDABE20008FFC3 /* Assets.xcassets in Resources */ = {isa = PBXBuildFile; fileRef = F52506D42ACDABE20008FFC3 /* Assets.xcassets */; };
		F52506D82ACDABE20008FFC3 /* LaunchScreen.storyboard in Resources */ = {isa = PBXBuildFile; fileRef = F52506D62ACDABE20008FFC3 /* LaunchScreen.storyboard */; };
		F52506E32ACDABE20008FFC3 /* MyParkingLotAppTests.swift in Sources */ = {isa = PBXBuildFile; fileRef = F52506E22ACDABE20008FFC3 /* MyParkingLotAppTests.swift */; };
		F52506ED2ACDABE20008FFC3 /* MyParkingLotAppUITests.swift in Sources */ = {isa = PBXBuildFile; fileRef = F52506EC2ACDABE20008FFC3 /* MyParkingLotAppUITests.swift */; };
		F52506EF2ACDABE20008FFC3 /* MyParkingLotAppUITestsLaunchTests.swift in Sources */ = {isa = PBXBuildFile; fileRef = F52506EE2ACDABE20008FFC3 /* MyParkingLotAppUITestsLaunchTests.swift */; };
		F52506FC2ACDAC7F0008FFC3 /* ParkingSpot.swift in Sources */ = {isa = PBXBuildFile; fileRef = F52506FB2ACDAC7F0008FFC3 /* ParkingSpot.swift */; };
		F52506FE2ACDB5AC0008FFC3 /* Vehicle.swift in Sources */ = {isa = PBXBuildFile; fileRef = F52506FD2ACDB5AC0008FFC3 /* Vehicle.swift */; };
		F52507002ACDBB680008FFC3 /* ParkingLot.swift in Sources */ = {isa = PBXBuildFile; fileRef = F52506FF2ACDBB680008FFC3 /* ParkingLot.swift */; };
		F52507022ACDC2C00008FFC3 /* Ticket.swift in Sources */ = {isa = PBXBuildFile; fileRef = F52507012ACDC2C00008FFC3 /* Ticket.swift */; };
		F52507042ACDC3920008FFC3 /* ParkingReceipt.swift in Sources */ = {isa = PBXBuildFile; fileRef = F52507032ACDC3920008FFC3 /* ParkingReceipt.swift */; };
		F52507062ACE32210008FFC3 /* CreatingParkingLotViewController.swift in Sources */ = {isa = PBXBuildFile; fileRef = F52507052ACE32200008FFC3 /* CreatingParkingLotViewController.swift */; };
		F52507082ACE3F190008FFC3 /* UIViewController+Alert.swift in Sources */ = {isa = PBXBuildFile; fileRef = F52507072ACE3F190008FFC3 /* UIViewController+Alert.swift */; };
		F525070B2ACE46160008FFC3 /* ParkingLotViewController.swift in Sources */ = {isa = PBXBuildFile; fileRef = F52507092ACE46160008FFC3 /* ParkingLotViewController.swift */; };
		F525070C2ACE46160008FFC3 /* ParkingLotViewController.xib in Resources */ = {isa = PBXBuildFile; fileRef = F525070A2ACE46160008FFC3 /* ParkingLotViewController.xib */; };
		F525070E2ACE52BD0008FFC3 /* CustomButton.swift in Sources */ = {isa = PBXBuildFile; fileRef = F525070D2ACE52BD0008FFC3 /* CustomButton.swift */; };
		F52507102ACE555C0008FFC3 /* ParkingAction.swift in Sources */ = {isa = PBXBuildFile; fileRef = F525070F2ACE555C0008FFC3 /* ParkingAction.swift */; };
		F52507132ACE568F0008FFC3 /* SelectVehicleTypeViewController.swift in Sources */ = {isa = PBXBuildFile; fileRef = F52507112ACE568F0008FFC3 /* SelectVehicleTypeViewController.swift */; };
		F52507142ACE568F0008FFC3 /* SelectVehicleTypeViewController.xib in Resources */ = {isa = PBXBuildFile; fileRef = F52507122ACE568F0008FFC3 /* SelectVehicleTypeViewController.xib */; };
		F525073D2ACE6C840008FFC3 /* ParkingEntryDateSelectionViewController.swift in Sources */ = {isa = PBXBuildFile; fileRef = F525073B2ACE6C840008FFC3 /* ParkingEntryDateSelectionViewController.swift */; };
		F525073E2ACE6C840008FFC3 /* ParkingEntryDateSelectionViewController.xib in Resources */ = {isa = PBXBuildFile; fileRef = F525073C2ACE6C840008FFC3 /* ParkingEntryDateSelectionViewController.xib */; };
		F52507412ACE77400008FFC3 /* TicketDetailsViewController.swift in Sources */ = {isa = PBXBuildFile; fileRef = F525073F2ACE77400008FFC3 /* TicketDetailsViewController.swift */; };
		F52507422ACE77400008FFC3 /* TicketDetailsViewController.xib in Resources */ = {isa = PBXBuildFile; fileRef = F52507402ACE77400008FFC3 /* TicketDetailsViewController.xib */; };
		F52507452ACE83330008FFC3 /* TicketsListViewController.swift in Sources */ = {isa = PBXBuildFile; fileRef = F52507432ACE83330008FFC3 /* TicketsListViewController.swift */; };
		F52507462ACE83330008FFC3 /* TicketsListViewController.xib in Resources */ = {isa = PBXBuildFile; fileRef = F52507442ACE83330008FFC3 /* TicketsListViewController.xib */; };
		F52507492ACE9D920008FFC3 /* ReceiptDetailsViewController.swift in Sources */ = {isa = PBXBuildFile; fileRef = F52507472ACE9D920008FFC3 /* ReceiptDetailsViewController.swift */; };
		F525074A2ACE9D920008FFC3 /* ReceiptDetailsViewController.xib in Resources */ = {isa = PBXBuildFile; fileRef = F52507482ACE9D920008FFC3 /* ReceiptDetailsViewController.xib */; };
		F525074D2ACEA2420008FFC3 /* ReceiptsListViewController.swift in Sources */ = {isa = PBXBuildFile; fileRef = F525074B2ACEA2420008FFC3 /* ReceiptsListViewController.swift */; };
		F525074E2ACEA2420008FFC3 /* ReceiptsListViewController.xib in Resources */ = {isa = PBXBuildFile; fileRef = F525074C2ACEA2420008FFC3 /* ReceiptsListViewController.xib */; };
		F52507502ACEA80D0008FFC3 /* ParkingFee.swift in Sources */ = {isa = PBXBuildFile; fileRef = F525074F2ACEA80D0008FFC3 /* ParkingFee.swift */; };
		F52507532ACEC2320008FFC3 /* ParkingExitDateSelectionViewController.swift in Sources */ = {isa = PBXBuildFile; fileRef = F52507512ACEC2320008FFC3 /* ParkingExitDateSelectionViewController.swift */; };
		F52507542ACEC2320008FFC3 /* ParkingExitDateSelectionViewController.xib in Resources */ = {isa = PBXBuildFile; fileRef = F52507522ACEC2320008FFC3 /* ParkingExitDateSelectionViewController.xib */; };
		F525075B2ACEC9460008FFC3 /* ParkingLotTests.swift in Sources */ = {isa = PBXBuildFile; fileRef = F525075A2ACEC9460008FFC3 /* ParkingLotTests.swift */; };
/* End PBXBuildFile section */

/* Begin PBXContainerItemProxy section */
		F52506DF2ACDABE20008FFC3 /* PBXContainerItemProxy */ = {
			isa = PBXContainerItemProxy;
			containerPortal = F52506BD2ACDABE10008FFC3 /* Project object */;
			proxyType = 1;
			remoteGlobalIDString = F52506C42ACDABE10008FFC3;
			remoteInfo = MyParkingLotApp;
		};
		F52506E92ACDABE20008FFC3 /* PBXContainerItemProxy */ = {
			isa = PBXContainerItemProxy;
			containerPortal = F52506BD2ACDABE10008FFC3 /* Project object */;
			proxyType = 1;
			remoteGlobalIDString = F52506C42ACDABE10008FFC3;
			remoteInfo = MyParkingLotApp;
		};
/* End PBXContainerItemProxy section */

/* Begin PBXFileReference section */
		F52506C52ACDABE10008FFC3 /* MyParkingLotApp.app */ = {isa = PBXFileReference; explicitFileType = wrapper.application; includeInIndex = 0; path = MyParkingLotApp.app; sourceTree = BUILT_PRODUCTS_DIR; };
		F52506C82ACDABE10008FFC3 /* AppDelegate.swift */ = {isa = PBXFileReference; lastKnownFileType = sourcecode.swift; path = AppDelegate.swift; sourceTree = "<group>"; };
		F52506CA2ACDABE10008FFC3 /* SceneDelegate.swift */ = {isa = PBXFileReference; lastKnownFileType = sourcecode.swift; path = SceneDelegate.swift; sourceTree = "<group>"; };
		F52506CF2ACDABE10008FFC3 /* Base */ = {isa = PBXFileReference; lastKnownFileType = file.storyboard; name = Base; path = Base.lproj/Main.storyboard; sourceTree = "<group>"; };
		F52506D42ACDABE20008FFC3 /* Assets.xcassets */ = {isa = PBXFileReference; lastKnownFileType = folder.assetcatalog; path = Assets.xcassets; sourceTree = "<group>"; };
		F52506D72ACDABE20008FFC3 /* Base */ = {isa = PBXFileReference; lastKnownFileType = file.storyboard; name = Base; path = Base.lproj/LaunchScreen.storyboard; sourceTree = "<group>"; };
		F52506D92ACDABE20008FFC3 /* Info.plist */ = {isa = PBXFileReference; lastKnownFileType = text.plist.xml; path = Info.plist; sourceTree = "<group>"; };
		F52506DE2ACDABE20008FFC3 /* MyParkingLotAppTests.xctest */ = {isa = PBXFileReference; explicitFileType = wrapper.cfbundle; includeInIndex = 0; path = MyParkingLotAppTests.xctest; sourceTree = BUILT_PRODUCTS_DIR; };
		F52506E22ACDABE20008FFC3 /* MyParkingLotAppTests.swift */ = {isa = PBXFileReference; lastKnownFileType = sourcecode.swift; path = MyParkingLotAppTests.swift; sourceTree = "<group>"; };
		F52506E82ACDABE20008FFC3 /* MyParkingLotAppUITests.xctest */ = {isa = PBXFileReference; explicitFileType = wrapper.cfbundle; includeInIndex = 0; path = MyParkingLotAppUITests.xctest; sourceTree = BUILT_PRODUCTS_DIR; };
		F52506EC2ACDABE20008FFC3 /* MyParkingLotAppUITests.swift */ = {isa = PBXFileReference; lastKnownFileType = sourcecode.swift; path = MyParkingLotAppUITests.swift; sourceTree = "<group>"; };
		F52506EE2ACDABE20008FFC3 /* MyParkingLotAppUITestsLaunchTests.swift */ = {isa = PBXFileReference; lastKnownFileType = sourcecode.swift; path = MyParkingLotAppUITestsLaunchTests.swift; sourceTree = "<group>"; };
		F52506FB2ACDAC7F0008FFC3 /* ParkingSpot.swift */ = {isa = PBXFileReference; lastKnownFileType = sourcecode.swift; path = ParkingSpot.swift; sourceTree = "<group>"; };
		F52506FD2ACDB5AC0008FFC3 /* Vehicle.swift */ = {isa = PBXFileReference; lastKnownFileType = sourcecode.swift; path = Vehicle.swift; sourceTree = "<group>"; };
		F52506FF2ACDBB680008FFC3 /* ParkingLot.swift */ = {isa = PBXFileReference; lastKnownFileType = sourcecode.swift; path = ParkingLot.swift; sourceTree = "<group>"; };
		F52507012ACDC2C00008FFC3 /* Ticket.swift */ = {isa = PBXFileReference; lastKnownFileType = sourcecode.swift; path = Ticket.swift; sourceTree = "<group>"; };
		F52507032ACDC3920008FFC3 /* ParkingReceipt.swift */ = {isa = PBXFileReference; lastKnownFileType = sourcecode.swift; path = ParkingReceipt.swift; sourceTree = "<group>"; };
		F52507052ACE32200008FFC3 /* CreatingParkingLotViewController.swift */ = {isa = PBXFileReference; lastKnownFileType = sourcecode.swift; path = CreatingParkingLotViewController.swift; sourceTree = "<group>"; };
		F52507072ACE3F190008FFC3 /* UIViewController+Alert.swift */ = {isa = PBXFileReference; lastKnownFileType = sourcecode.swift; path = "UIViewController+Alert.swift"; sourceTree = "<group>"; };
		F52507092ACE46160008FFC3 /* ParkingLotViewController.swift */ = {isa = PBXFileReference; lastKnownFileType = sourcecode.swift; path = ParkingLotViewController.swift; sourceTree = "<group>"; };
		F525070A2ACE46160008FFC3 /* ParkingLotViewController.xib */ = {isa = PBXFileReference; lastKnownFileType = file.xib; path = ParkingLotViewController.xib; sourceTree = "<group>"; };
		F525070D2ACE52BD0008FFC3 /* CustomButton.swift */ = {isa = PBXFileReference; lastKnownFileType = sourcecode.swift; path = CustomButton.swift; sourceTree = "<group>"; };
		F525070F2ACE555C0008FFC3 /* ParkingAction.swift */ = {isa = PBXFileReference; lastKnownFileType = sourcecode.swift; path = ParkingAction.swift; sourceTree = "<group>"; };
		F52507112ACE568F0008FFC3 /* SelectVehicleTypeViewController.swift */ = {isa = PBXFileReference; lastKnownFileType = sourcecode.swift; path = SelectVehicleTypeViewController.swift; sourceTree = "<group>"; };
		F52507122ACE568F0008FFC3 /* SelectVehicleTypeViewController.xib */ = {isa = PBXFileReference; lastKnownFileType = file.xib; path = SelectVehicleTypeViewController.xib; sourceTree = "<group>"; };
		F525073B2ACE6C840008FFC3 /* ParkingEntryDateSelectionViewController.swift */ = {isa = PBXFileReference; lastKnownFileType = sourcecode.swift; path = ParkingEntryDateSelectionViewController.swift; sourceTree = "<group>"; };
		F525073C2ACE6C840008FFC3 /* ParkingEntryDateSelectionViewController.xib */ = {isa = PBXFileReference; lastKnownFileType = file.xib; path = ParkingEntryDateSelectionViewController.xib; sourceTree = "<group>"; };
		F525073F2ACE77400008FFC3 /* TicketDetailsViewController.swift */ = {isa = PBXFileReference; lastKnownFileType = sourcecode.swift; path = TicketDetailsViewController.swift; sourceTree = "<group>"; };
		F52507402ACE77400008FFC3 /* TicketDetailsViewController.xib */ = {isa = PBXFileReference; lastKnownFileType = file.xib; path = TicketDetailsViewController.xib; sourceTree = "<group>"; };
		F52507432ACE83330008FFC3 /* TicketsListViewController.swift */ = {isa = PBXFileReference; lastKnownFileType = sourcecode.swift; path = TicketsListViewController.swift; sourceTree = "<group>"; };
		F52507442ACE83330008FFC3 /* TicketsListViewController.xib */ = {isa = PBXFileReference; lastKnownFileType = file.xib; path = TicketsListViewController.xib; sourceTree = "<group>"; };
		F52507472ACE9D920008FFC3 /* ReceiptDetailsViewController.swift */ = {isa = PBXFileReference; lastKnownFileType = sourcecode.swift; path = ReceiptDetailsViewController.swift; sourceTree = "<group>"; };
		F52507482ACE9D920008FFC3 /* ReceiptDetailsViewController.xib */ = {isa = PBXFileReference; lastKnownFileType = file.xib; path = ReceiptDetailsViewController.xib; sourceTree = "<group>"; };
		F525074B2ACEA2420008FFC3 /* ReceiptsListViewController.swift */ = {isa = PBXFileReference; lastKnownFileType = sourcecode.swift; path = ReceiptsListViewController.swift; sourceTree = "<group>"; };
		F525074C2ACEA2420008FFC3 /* ReceiptsListViewController.xib */ = {isa = PBXFileReference; lastKnownFileType = file.xib; path = ReceiptsListViewController.xib; sourceTree = "<group>"; };
		F525074F2ACEA80D0008FFC3 /* ParkingFee.swift */ = {isa = PBXFileReference; lastKnownFileType = sourcecode.swift; path = ParkingFee.swift; sourceTree = "<group>"; };
		F52507512ACEC2320008FFC3 /* ParkingExitDateSelectionViewController.swift */ = {isa = PBXFileReference; lastKnownFileType = sourcecode.swift; path = ParkingExitDateSelectionViewController.swift; sourceTree = "<group>"; };
		F52507522ACEC2320008FFC3 /* ParkingExitDateSelectionViewController.xib */ = {isa = PBXFileReference; lastKnownFileType = file.xib; path = ParkingExitDateSelectionViewController.xib; sourceTree = "<group>"; };
		F525075A2ACEC9460008FFC3 /* ParkingLotTests.swift */ = {isa = PBXFileReference; lastKnownFileType = sourcecode.swift; path = ParkingLotTests.swift; sourceTree = "<group>"; };
/* End PBXFileReference section */

/* Begin PBXFrameworksBuildPhase section */
		F52506C22ACDABE10008FFC3 /* Frameworks */ = {
			isa = PBXFrameworksBuildPhase;
			buildActionMask = 2147483647;
			files = (
			);
			runOnlyForDeploymentPostprocessing = 0;
		};
		F52506DB2ACDABE20008FFC3 /* Frameworks */ = {
			isa = PBXFrameworksBuildPhase;
			buildActionMask = 2147483647;
			files = (
			);
			runOnlyForDeploymentPostprocessing = 0;
		};
		F52506E52ACDABE20008FFC3 /* Frameworks */ = {
			isa = PBXFrameworksBuildPhase;
			buildActionMask = 2147483647;
			files = (
			);
			runOnlyForDeploymentPostprocessing = 0;
		};
/* End PBXFrameworksBuildPhase section */

/* Begin PBXGroup section */
		F52506BC2ACDABE10008FFC3 = {
			isa = PBXGroup;
			children = (
				F52506C72ACDABE10008FFC3 /* MyParkingLotApp */,
				F52506E12ACDABE20008FFC3 /* MyParkingLotAppTests */,
				F52506EB2ACDABE20008FFC3 /* MyParkingLotAppUITests */,
				F52506C62ACDABE10008FFC3 /* Products */,
			);
			sourceTree = "<group>";
		};
		F52506C62ACDABE10008FFC3 /* Products */ = {
			isa = PBXGroup;
			children = (
				F52506C52ACDABE10008FFC3 /* MyParkingLotApp.app */,
				F52506DE2ACDABE20008FFC3 /* MyParkingLotAppTests.xctest */,
				F52506E82ACDABE20008FFC3 /* MyParkingLotAppUITests.xctest */,
			);
			name = Products;
			sourceTree = "<group>";
		};
		F52506C72ACDABE10008FFC3 /* MyParkingLotApp */ = {
			isa = PBXGroup;
			children = (
				F52507552ACEC7C50008FFC3 /* Application */,
				F52507562ACEC7F00008FFC3 /* Models */,
				F52507572ACEC8270008FFC3 /* Extensions */,
				F52507582ACEC83D0008FFC3 /* CustomViews */,
				F52507592ACEC8580008FFC3 /* ViewControllers */,
				F52506CE2ACDABE10008FFC3 /* Main.storyboard */,
				F52506D42ACDABE20008FFC3 /* Assets.xcassets */,
				F52506D62ACDABE20008FFC3 /* LaunchScreen.storyboard */,
				F52506D92ACDABE20008FFC3 /* Info.plist */,
			);
			path = MyParkingLotApp;
			sourceTree = "<group>";
		};
		F52506E12ACDABE20008FFC3 /* MyParkingLotAppTests */ = {
			isa = PBXGroup;
			children = (
				F52506E22ACDABE20008FFC3 /* MyParkingLotAppTests.swift */,
				F525075A2ACEC9460008FFC3 /* ParkingLotTests.swift */,
			);
			path = MyParkingLotAppTests;
			sourceTree = "<group>";
		};
		F52506EB2ACDABE20008FFC3 /* MyParkingLotAppUITests */ = {
			isa = PBXGroup;
			children = (
				F52506EC2ACDABE20008FFC3 /* MyParkingLotAppUITests.swift */,
				F52506EE2ACDABE20008FFC3 /* MyParkingLotAppUITestsLaunchTests.swift */,
			);
			path = MyParkingLotAppUITests;
			sourceTree = "<group>";
		};
		F52507552ACEC7C50008FFC3 /* Application */ = {
			isa = PBXGroup;
			children = (
				F52506C82ACDABE10008FFC3 /* AppDelegate.swift */,
				F52506CA2ACDABE10008FFC3 /* SceneDelegate.swift */,
			);
			path = Application;
			sourceTree = "<group>";
		};
		F52507562ACEC7F00008FFC3 /* Models */ = {
			isa = PBXGroup;
			children = (
				F52507012ACDC2C00008FFC3 /* Ticket.swift */,
				F525074F2ACEA80D0008FFC3 /* ParkingFee.swift */,
				F52506FF2ACDBB680008FFC3 /* ParkingLot.swift */,
				F52506FD2ACDB5AC0008FFC3 /* Vehicle.swift */,
				F52506FB2ACDAC7F0008FFC3 /* ParkingSpot.swift */,
				F52507032ACDC3920008FFC3 /* ParkingReceipt.swift */,
				F525070F2ACE555C0008FFC3 /* ParkingAction.swift */,
			);
			path = Models;
			sourceTree = "<group>";
		};
		F52507572ACEC8270008FFC3 /* Extensions */ = {
			isa = PBXGroup;
			children = (
				F52507072ACE3F190008FFC3 /* UIViewController+Alert.swift */,
			);
			path = Extensions;
			sourceTree = "<group>";
		};
		F52507582ACEC83D0008FFC3 /* CustomViews */ = {
			isa = PBXGroup;
			children = (
				F525070D2ACE52BD0008FFC3 /* CustomButton.swift */,
			);
			path = CustomViews;
			sourceTree = "<group>";
		};
		F52507592ACEC8580008FFC3 /* ViewControllers */ = {
			isa = PBXGroup;
			children = (
				F52507112ACE568F0008FFC3 /* SelectVehicleTypeViewController.swift */,
				F52507122ACE568F0008FFC3 /* SelectVehicleTypeViewController.xib */,
				F525073B2ACE6C840008FFC3 /* ParkingEntryDateSelectionViewController.swift */,
				F525073C2ACE6C840008FFC3 /* ParkingEntryDateSelectionViewController.xib */,
				F52507512ACEC2320008FFC3 /* ParkingExitDateSelectionViewController.swift */,
				F52507522ACEC2320008FFC3 /* ParkingExitDateSelectionViewController.xib */,
				F525073F2ACE77400008FFC3 /* TicketDetailsViewController.swift */,
				F52507402ACE77400008FFC3 /* TicketDetailsViewController.xib */,
				F52507472ACE9D920008FFC3 /* ReceiptDetailsViewController.swift */,
				F52507482ACE9D920008FFC3 /* ReceiptDetailsViewController.xib */,
				F52507092ACE46160008FFC3 /* ParkingLotViewController.swift */,
				F525070A2ACE46160008FFC3 /* ParkingLotViewController.xib */,
				F525074B2ACEA2420008FFC3 /* ReceiptsListViewController.swift */,
				F525074C2ACEA2420008FFC3 /* ReceiptsListViewController.xib */,
				F52507432ACE83330008FFC3 /* TicketsListViewController.swift */,
				F52507442ACE83330008FFC3 /* TicketsListViewController.xib */,
				F52507052ACE32200008FFC3 /* CreatingParkingLotViewController.swift */,
			);
			path = ViewControllers;
			sourceTree = "<group>";
		};
/* End PBXGroup section */

/* Begin PBXNativeTarget section */
		F52506C42ACDABE10008FFC3 /* MyParkingLotApp */ = {
			isa = PBXNativeTarget;
			buildConfigurationList = F52506F22ACDABE20008FFC3 /* Build configuration list for PBXNativeTarget "MyParkingLotApp" */;
			buildPhases = (
				F52506C12ACDABE10008FFC3 /* Sources */,
				F52506C22ACDABE10008FFC3 /* Frameworks */,
				F52506C32ACDABE10008FFC3 /* Resources */,
			);
			buildRules = (
			);
			dependencies = (
			);
			name = MyParkingLotApp;
			productName = MyParkingLotApp;
			productReference = F52506C52ACDABE10008FFC3 /* MyParkingLotApp.app */;
			productType = "com.apple.product-type.application";
		};
		F52506DD2ACDABE20008FFC3 /* MyParkingLotAppTests */ = {
			isa = PBXNativeTarget;
			buildConfigurationList = F52506F52ACDABE20008FFC3 /* Build configuration list for PBXNativeTarget "MyParkingLotAppTests" */;
			buildPhases = (
				F52506DA2ACDABE20008FFC3 /* Sources */,
				F52506DB2ACDABE20008FFC3 /* Frameworks */,
				F52506DC2ACDABE20008FFC3 /* Resources */,
			);
			buildRules = (
			);
			dependencies = (
				F52506E02ACDABE20008FFC3 /* PBXTargetDependency */,
			);
			name = MyParkingLotAppTests;
			productName = MyParkingLotAppTests;
			productReference = F52506DE2ACDABE20008FFC3 /* MyParkingLotAppTests.xctest */;
			productType = "com.apple.product-type.bundle.unit-test";
		};
		F52506E72ACDABE20008FFC3 /* MyParkingLotAppUITests */ = {
			isa = PBXNativeTarget;
			buildConfigurationList = F52506F82ACDABE20008FFC3 /* Build configuration list for PBXNativeTarget "MyParkingLotAppUITests" */;
			buildPhases = (
				F52506E42ACDABE20008FFC3 /* Sources */,
				F52506E52ACDABE20008FFC3 /* Frameworks */,
				F52506E62ACDABE20008FFC3 /* Resources */,
			);
			buildRules = (
			);
			dependencies = (
				F52506EA2ACDABE20008FFC3 /* PBXTargetDependency */,
			);
			name = MyParkingLotAppUITests;
			productName = MyParkingLotAppUITests;
			productReference = F52506E82ACDABE20008FFC3 /* MyParkingLotAppUITests.xctest */;
			productType = "com.apple.product-type.bundle.ui-testing";
		};
/* End PBXNativeTarget section */

/* Begin PBXProject section */
		F52506BD2ACDABE10008FFC3 /* Project object */ = {
			isa = PBXProject;
			attributes = {
				BuildIndependentTargetsInParallel = 1;
				LastSwiftUpdateCheck = 1430;
				LastUpgradeCheck = 1430;
				TargetAttributes = {
					F52506C42ACDABE10008FFC3 = {
						CreatedOnToolsVersion = 14.3.1;
					};
					F52506DD2ACDABE20008FFC3 = {
						CreatedOnToolsVersion = 14.3.1;
						TestTargetID = F52506C42ACDABE10008FFC3;
					};
					F52506E72ACDABE20008FFC3 = {
						CreatedOnToolsVersion = 14.3.1;
						TestTargetID = F52506C42ACDABE10008FFC3;
					};
				};
			};
			buildConfigurationList = F52506C02ACDABE10008FFC3 /* Build configuration list for PBXProject "MyParkingLotApp" */;
			compatibilityVersion = "Xcode 14.0";
			developmentRegion = en;
			hasScannedForEncodings = 0;
			knownRegions = (
				en,
				Base,
			);
			mainGroup = F52506BC2ACDABE10008FFC3;
			productRefGroup = F52506C62ACDABE10008FFC3 /* Products */;
			projectDirPath = "";
			projectRoot = "";
			targets = (
				F52506C42ACDABE10008FFC3 /* MyParkingLotApp */,
				F52506DD2ACDABE20008FFC3 /* MyParkingLotAppTests */,
				F52506E72ACDABE20008FFC3 /* MyParkingLotAppUITests */,
			);
		};
/* End PBXProject section */

/* Begin PBXResourcesBuildPhase section */
		F52506C32ACDABE10008FFC3 /* Resources */ = {
			isa = PBXResourcesBuildPhase;
			buildActionMask = 2147483647;
			files = (
				F52507462ACE83330008FFC3 /* TicketsListViewController.xib in Resources */,
				F52507422ACE77400008FFC3 /* TicketDetailsViewController.xib in Resources */,
				F52506D82ACDABE20008FFC3 /* LaunchScreen.storyboard in Resources */,
				F52506D52ACDABE20008FFC3 /* Assets.xcassets in Resources */,
				F52507142ACE568F0008FFC3 /* SelectVehicleTypeViewController.xib in Resources */,
				F52507542ACEC2320008FFC3 /* ParkingExitDateSelectionViewController.xib in Resources */,
				F525073E2ACE6C840008FFC3 /* ParkingEntryDateSelectionViewController.xib in Resources */,
				F52506D02ACDABE10008FFC3 /* Main.storyboard in Resources */,
				F525070C2ACE46160008FFC3 /* ParkingLotViewController.xib in Resources */,
				F525074A2ACE9D920008FFC3 /* ReceiptDetailsViewController.xib in Resources */,
				F525074E2ACEA2420008FFC3 /* ReceiptsListViewController.xib in Resources */,
			);
			runOnlyForDeploymentPostprocessing = 0;
		};
		F52506DC2ACDABE20008FFC3 /* Resources */ = {
			isa = PBXResourcesBuildPhase;
			buildActionMask = 2147483647;
			files = (
			);
			runOnlyForDeploymentPostprocessing = 0;
		};
		F52506E62ACDABE20008FFC3 /* Resources */ = {
			isa = PBXResourcesBuildPhase;
			buildActionMask = 2147483647;
			files = (
			);
			runOnlyForDeploymentPostprocessing = 0;
		};
/* End PBXResourcesBuildPhase section */

/* Begin PBXSourcesBuildPhase section */
		F52506C12ACDABE10008FFC3 /* Sources */ = {
			isa = PBXSourcesBuildPhase;
			buildActionMask = 2147483647;
			files = (
				F52506FE2ACDB5AC0008FFC3 /* Vehicle.swift in Sources */,
				F52507062ACE32210008FFC3 /* CreatingParkingLotViewController.swift in Sources */,
				F52506C92ACDABE10008FFC3 /* AppDelegate.swift in Sources */,
				F52507022ACDC2C00008FFC3 /* Ticket.swift in Sources */,
				F52507102ACE555C0008FFC3 /* ParkingAction.swift in Sources */,
				F52507042ACDC3920008FFC3 /* ParkingReceipt.swift in Sources */,
				F525073D2ACE6C840008FFC3 /* ParkingEntryDateSelectionViewController.swift in Sources */,
				F52507082ACE3F190008FFC3 /* UIViewController+Alert.swift in Sources */,
				F52507532ACEC2320008FFC3 /* ParkingExitDateSelectionViewController.swift in Sources */,
				F52507132ACE568F0008FFC3 /* SelectVehicleTypeViewController.swift in Sources */,
				F52507492ACE9D920008FFC3 /* ReceiptDetailsViewController.swift in Sources */,
				F52506FC2ACDAC7F0008FFC3 /* ParkingSpot.swift in Sources */,
				F525070E2ACE52BD0008FFC3 /* CustomButton.swift in Sources */,
				F52507002ACDBB680008FFC3 /* ParkingLot.swift in Sources */,
				F52506CB2ACDABE10008FFC3 /* SceneDelegate.swift in Sources */,
				F52507502ACEA80D0008FFC3 /* ParkingFee.swift in Sources */,
				F525070B2ACE46160008FFC3 /* ParkingLotViewController.swift in Sources */,
				F525074D2ACEA2420008FFC3 /* ReceiptsListViewController.swift in Sources */,
				F52507452ACE83330008FFC3 /* TicketsListViewController.swift in Sources */,
				F52507412ACE77400008FFC3 /* TicketDetailsViewController.swift in Sources */,
			);
			runOnlyForDeploymentPostprocessing = 0;
		};
		F52506DA2ACDABE20008FFC3 /* Sources */ = {
			isa = PBXSourcesBuildPhase;
			buildActionMask = 2147483647;
			files = (
				F525075B2ACEC9460008FFC3 /* ParkingLotTests.swift in Sources */,
				F52506E32ACDABE20008FFC3 /* MyParkingLotAppTests.swift in Sources */,
			);
			runOnlyForDeploymentPostprocessing = 0;
		};
		F52506E42ACDABE20008FFC3 /* Sources */ = {
			isa = PBXSourcesBuildPhase;
			buildActionMask = 2147483647;
			files = (
				F52506ED2ACDABE20008FFC3 /* MyParkingLotAppUITests.swift in Sources */,
				F52506EF2ACDABE20008FFC3 /* MyParkingLotAppUITestsLaunchTests.swift in Sources */,
			);
			runOnlyForDeploymentPostprocessing = 0;
		};
/* End PBXSourcesBuildPhase section */

/* Begin PBXTargetDependency section */
		F52506E02ACDABE20008FFC3 /* PBXTargetDependency */ = {
			isa = PBXTargetDependency;
			target = F52506C42ACDABE10008FFC3 /* MyParkingLotApp */;
			targetProxy = F52506DF2ACDABE20008FFC3 /* PBXContainerItemProxy */;
		};
		F52506EA2ACDABE20008FFC3 /* PBXTargetDependency */ = {
			isa = PBXTargetDependency;
			target = F52506C42ACDABE10008FFC3 /* MyParkingLotApp */;
			targetProxy = F52506E92ACDABE20008FFC3 /* PBXContainerItemProxy */;
		};
/* End PBXTargetDependency section */

/* Begin PBXVariantGroup section */
		F52506CE2ACDABE10008FFC3 /* Main.storyboard */ = {
			isa = PBXVariantGroup;
			children = (
				F52506CF2ACDABE10008FFC3 /* Base */,
			);
			name = Main.storyboard;
			sourceTree = "<group>";
		};
		F52506D62ACDABE20008FFC3 /* LaunchScreen.storyboard */ = {
			isa = PBXVariantGroup;
			children = (
				F52506D72ACDABE20008FFC3 /* Base */,
			);
			name = LaunchScreen.storyboard;
			sourceTree = "<group>";
		};
/* End PBXVariantGroup section */

/* Begin XCBuildConfiguration section */
		F52506F02ACDABE20008FFC3 /* Debug */ = {
			isa = XCBuildConfiguration;
			buildSettings = {
				ALWAYS_SEARCH_USER_PATHS = NO;
				CLANG_ANALYZER_NONNULL = YES;
				CLANG_ANALYZER_NUMBER_OBJECT_CONVERSION = YES_AGGRESSIVE;
				CLANG_CXX_LANGUAGE_STANDARD = "gnu++20";
				CLANG_ENABLE_MODULES = YES;
				CLANG_ENABLE_OBJC_ARC = YES;
				CLANG_ENABLE_OBJC_WEAK = YES;
				CLANG_WARN_BLOCK_CAPTURE_AUTORELEASING = YES;
				CLANG_WARN_BOOL_CONVERSION = YES;
				CLANG_WARN_COMMA = YES;
				CLANG_WARN_CONSTANT_CONVERSION = YES;
				CLANG_WARN_DEPRECATED_OBJC_IMPLEMENTATIONS = YES;
				CLANG_WARN_DIRECT_OBJC_ISA_USAGE = YES_ERROR;
				CLANG_WARN_DOCUMENTATION_COMMENTS = YES;
				CLANG_WARN_EMPTY_BODY = YES;
				CLANG_WARN_ENUM_CONVERSION = YES;
				CLANG_WARN_INFINITE_RECURSION = YES;
				CLANG_WARN_INT_CONVERSION = YES;
				CLANG_WARN_NON_LITERAL_NULL_CONVERSION = YES;
				CLANG_WARN_OBJC_IMPLICIT_RETAIN_SELF = YES;
				CLANG_WARN_OBJC_LITERAL_CONVERSION = YES;
				CLANG_WARN_OBJC_ROOT_CLASS = YES_ERROR;
				CLANG_WARN_QUOTED_INCLUDE_IN_FRAMEWORK_HEADER = YES;
				CLANG_WARN_RANGE_LOOP_ANALYSIS = YES;
				CLANG_WARN_STRICT_PROTOTYPES = YES;
				CLANG_WARN_SUSPICIOUS_MOVE = YES;
				CLANG_WARN_UNGUARDED_AVAILABILITY = YES_AGGRESSIVE;
				CLANG_WARN_UNREACHABLE_CODE = YES;
				CLANG_WARN__DUPLICATE_METHOD_MATCH = YES;
				COPY_PHASE_STRIP = NO;
				DEBUG_INFORMATION_FORMAT = dwarf;
				ENABLE_STRICT_OBJC_MSGSEND = YES;
				ENABLE_TESTABILITY = YES;
				GCC_C_LANGUAGE_STANDARD = gnu11;
				GCC_DYNAMIC_NO_PIC = NO;
				GCC_NO_COMMON_BLOCKS = YES;
				GCC_OPTIMIZATION_LEVEL = 0;
				GCC_PREPROCESSOR_DEFINITIONS = (
					"DEBUG=1",
					"$(inherited)",
				);
				GCC_WARN_64_TO_32_BIT_CONVERSION = YES;
				GCC_WARN_ABOUT_RETURN_TYPE = YES_ERROR;
				GCC_WARN_UNDECLARED_SELECTOR = YES;
				GCC_WARN_UNINITIALIZED_AUTOS = YES_AGGRESSIVE;
				GCC_WARN_UNUSED_FUNCTION = YES;
				GCC_WARN_UNUSED_VARIABLE = YES;
				IPHONEOS_DEPLOYMENT_TARGET = 16.4;
				MTL_ENABLE_DEBUG_INFO = INCLUDE_SOURCE;
				MTL_FAST_MATH = YES;
				ONLY_ACTIVE_ARCH = YES;
				SDKROOT = iphoneos;
				SWIFT_ACTIVE_COMPILATION_CONDITIONS = DEBUG;
				SWIFT_OPTIMIZATION_LEVEL = "-Onone";
			};
			name = Debug;
		};
		F52506F12ACDABE20008FFC3 /* Release */ = {
			isa = XCBuildConfiguration;
			buildSettings = {
				ALWAYS_SEARCH_USER_PATHS = NO;
				CLANG_ANALYZER_NONNULL = YES;
				CLANG_ANALYZER_NUMBER_OBJECT_CONVERSION = YES_AGGRESSIVE;
				CLANG_CXX_LANGUAGE_STANDARD = "gnu++20";
				CLANG_ENABLE_MODULES = YES;
				CLANG_ENABLE_OBJC_ARC = YES;
				CLANG_ENABLE_OBJC_WEAK = YES;
				CLANG_WARN_BLOCK_CAPTURE_AUTORELEASING = YES;
				CLANG_WARN_BOOL_CONVERSION = YES;
				CLANG_WARN_COMMA = YES;
				CLANG_WARN_CONSTANT_CONVERSION = YES;
				CLANG_WARN_DEPRECATED_OBJC_IMPLEMENTATIONS = YES;
				CLANG_WARN_DIRECT_OBJC_ISA_USAGE = YES_ERROR;
				CLANG_WARN_DOCUMENTATION_COMMENTS = YES;
				CLANG_WARN_EMPTY_BODY = YES;
				CLANG_WARN_ENUM_CONVERSION = YES;
				CLANG_WARN_INFINITE_RECURSION = YES;
				CLANG_WARN_INT_CONVERSION = YES;
				CLANG_WARN_NON_LITERAL_NULL_CONVERSION = YES;
				CLANG_WARN_OBJC_IMPLICIT_RETAIN_SELF = YES;
				CLANG_WARN_OBJC_LITERAL_CONVERSION = YES;
				CLANG_WARN_OBJC_ROOT_CLASS = YES_ERROR;
				CLANG_WARN_QUOTED_INCLUDE_IN_FRAMEWORK_HEADER = YES;
				CLANG_WARN_RANGE_LOOP_ANALYSIS = YES;
				CLANG_WARN_STRICT_PROTOTYPES = YES;
				CLANG_WARN_SUSPICIOUS_MOVE = YES;
				CLANG_WARN_UNGUARDED_AVAILABILITY = YES_AGGRESSIVE;
				CLANG_WARN_UNREACHABLE_CODE = YES;
				CLANG_WARN__DUPLICATE_METHOD_MATCH = YES;
				COPY_PHASE_STRIP = NO;
				DEBUG_INFORMATION_FORMAT = "dwarf-with-dsym";
				ENABLE_NS_ASSERTIONS = NO;
				ENABLE_STRICT_OBJC_MSGSEND = YES;
				GCC_C_LANGUAGE_STANDARD = gnu11;
				GCC_NO_COMMON_BLOCKS = YES;
				GCC_WARN_64_TO_32_BIT_CONVERSION = YES;
				GCC_WARN_ABOUT_RETURN_TYPE = YES_ERROR;
				GCC_WARN_UNDECLARED_SELECTOR = YES;
				GCC_WARN_UNINITIALIZED_AUTOS = YES_AGGRESSIVE;
				GCC_WARN_UNUSED_FUNCTION = YES;
				GCC_WARN_UNUSED_VARIABLE = YES;
				IPHONEOS_DEPLOYMENT_TARGET = 16.4;
				MTL_ENABLE_DEBUG_INFO = NO;
				MTL_FAST_MATH = YES;
				SDKROOT = iphoneos;
				SWIFT_COMPILATION_MODE = wholemodule;
				SWIFT_OPTIMIZATION_LEVEL = "-O";
				VALIDATE_PRODUCT = YES;
			};
			name = Release;
		};
		F52506F32ACDABE20008FFC3 /* Debug */ = {
			isa = XCBuildConfiguration;
			buildSettings = {
				ASSETCATALOG_COMPILER_APPICON_NAME = AppIcon;
				ASSETCATALOG_COMPILER_GLOBAL_ACCENT_COLOR_NAME = AccentColor;
				CODE_SIGN_STYLE = Automatic;
				CURRENT_PROJECT_VERSION = 1;
				DEVELOPMENT_TEAM = UGMQQP3AYQ;
				GENERATE_INFOPLIST_FILE = YES;
				INFOPLIST_FILE = MyParkingLotApp/Info.plist;
				INFOPLIST_KEY_UIApplicationSupportsIndirectInputEvents = YES;
				INFOPLIST_KEY_UILaunchStoryboardName = LaunchScreen;
				INFOPLIST_KEY_UIMainStoryboardFile = Main;
				INFOPLIST_KEY_UISupportedInterfaceOrientations_iPad = "UIInterfaceOrientationPortrait UIInterfaceOrientationPortraitUpsideDown UIInterfaceOrientationLandscapeLeft UIInterfaceOrientationLandscapeRight";
				INFOPLIST_KEY_UISupportedInterfaceOrientations_iPhone = "UIInterfaceOrientationPortrait UIInterfaceOrientationLandscapeLeft UIInterfaceOrientationLandscapeRight";
				LD_RUNPATH_SEARCH_PATHS = (
					"$(inherited)",
					"@executable_path/Frameworks",
				);
				MARKETING_VERSION = 1.0;
				PRODUCT_BUNDLE_IDENTIFIER = com.yusuf.MyParkingLotApp;
				PRODUCT_NAME = "$(TARGET_NAME)";
				SWIFT_EMIT_LOC_STRINGS = YES;
				SWIFT_VERSION = 5.0;
				TARGETED_DEVICE_FAMILY = "1,2";
			};
			name = Debug;
		};
		F52506F42ACDABE20008FFC3 /* Release */ = {
			isa = XCBuildConfiguration;
			buildSettings = {
				ASSETCATALOG_COMPILER_APPICON_NAME = AppIcon;
				ASSETCATALOG_COMPILER_GLOBAL_ACCENT_COLOR_NAME = AccentColor;
				CODE_SIGN_STYLE = Automatic;
				CURRENT_PROJECT_VERSION = 1;
				DEVELOPMENT_TEAM = UGMQQP3AYQ;
				GENERATE_INFOPLIST_FILE = YES;
				INFOPLIST_FILE = MyParkingLotApp/Info.plist;
				INFOPLIST_KEY_UIApplicationSupportsIndirectInputEvents = YES;
				INFOPLIST_KEY_UILaunchStoryboardName = LaunchScreen;
				INFOPLIST_KEY_UIMainStoryboardFile = Main;
				INFOPLIST_KEY_UISupportedInterfaceOrientations_iPad = "UIInterfaceOrientationPortrait UIInterfaceOrientationPortraitUpsideDown UIInterfaceOrientationLandscapeLeft UIInterfaceOrientationLandscapeRight";
				INFOPLIST_KEY_UISupportedInterfaceOrientations_iPhone = "UIInterfaceOrientationPortrait UIInterfaceOrientationLandscapeLeft UIInterfaceOrientationLandscapeRight";
				LD_RUNPATH_SEARCH_PATHS = (
					"$(inherited)",
					"@executable_path/Frameworks",
				);
				MARKETING_VERSION = 1.0;
				PRODUCT_BUNDLE_IDENTIFIER = com.yusuf.MyParkingLotApp;
				PRODUCT_NAME = "$(TARGET_NAME)";
				SWIFT_EMIT_LOC_STRINGS = YES;
				SWIFT_VERSION = 5.0;
				TARGETED_DEVICE_FAMILY = "1,2";
			};
			name = Release;
		};
		F52506F62ACDABE20008FFC3 /* Debug */ = {
			isa = XCBuildConfiguration;
			buildSettings = {
				ALWAYS_EMBED_SWIFT_STANDARD_LIBRARIES = YES;
				BUNDLE_LOADER = "$(TEST_HOST)";
				CODE_SIGN_STYLE = Automatic;
				CURRENT_PROJECT_VERSION = 1;
				DEVELOPMENT_TEAM = UGMQQP3AYQ;
				GENERATE_INFOPLIST_FILE = YES;
				IPHONEOS_DEPLOYMENT_TARGET = 16.4;
				MARKETING_VERSION = 1.0;
				PRODUCT_BUNDLE_IDENTIFIER = com.yusuf.MyParkingLotAppTests;
				PRODUCT_NAME = "$(TARGET_NAME)";
				SWIFT_EMIT_LOC_STRINGS = NO;
				SWIFT_VERSION = 5.0;
				TARGETED_DEVICE_FAMILY = "1,2";
				TEST_HOST = "$(BUILT_PRODUCTS_DIR)/MyParkingLotApp.app/$(BUNDLE_EXECUTABLE_FOLDER_PATH)/MyParkingLotApp";
			};
			name = Debug;
		};
		F52506F72ACDABE20008FFC3 /* Release */ = {
			isa = XCBuildConfiguration;
			buildSettings = {
				ALWAYS_EMBED_SWIFT_STANDARD_LIBRARIES = YES;
				BUNDLE_LOADER = "$(TEST_HOST)";
				CODE_SIGN_STYLE = Automatic;
				CURRENT_PROJECT_VERSION = 1;
				DEVELOPMENT_TEAM = UGMQQP3AYQ;
				GENERATE_INFOPLIST_FILE = YES;
				IPHONEOS_DEPLOYMENT_TARGET = 16.4;
				MARKETING_VERSION = 1.0;
				PRODUCT_BUNDLE_IDENTIFIER = com.yusuf.MyParkingLotAppTests;
				PRODUCT_NAME = "$(TARGET_NAME)";
				SWIFT_EMIT_LOC_STRINGS = NO;
				SWIFT_VERSION = 5.0;
				TARGETED_DEVICE_FAMILY = "1,2";
				TEST_HOST = "$(BUILT_PRODUCTS_DIR)/MyParkingLotApp.app/$(BUNDLE_EXECUTABLE_FOLDER_PATH)/MyParkingLotApp";
			};
			name = Release;
		};
		F52506F92ACDABE20008FFC3 /* Debug */ = {
			isa = XCBuildConfiguration;
			buildSettings = {
				ALWAYS_EMBED_SWIFT_STANDARD_LIBRARIES = YES;
				CODE_SIGN_STYLE = Automatic;
				CURRENT_PROJECT_VERSION = 1;
				DEVELOPMENT_TEAM = UGMQQP3AYQ;
				GENERATE_INFOPLIST_FILE = YES;
				MARKETING_VERSION = 1.0;
				PRODUCT_BUNDLE_IDENTIFIER = com.yusuf.MyParkingLotAppUITests;
				PRODUCT_NAME = "$(TARGET_NAME)";
				SWIFT_EMIT_LOC_STRINGS = NO;
				SWIFT_VERSION = 5.0;
				TARGETED_DEVICE_FAMILY = "1,2";
				TEST_TARGET_NAME = MyParkingLotApp;
			};
			name = Debug;
		};
		F52506FA2ACDABE20008FFC3 /* Release */ = {
			isa = XCBuildConfiguration;
			buildSettings = {
				ALWAYS_EMBED_SWIFT_STANDARD_LIBRARIES = YES;
				CODE_SIGN_STYLE = Automatic;
				CURRENT_PROJECT_VERSION = 1;
				DEVELOPMENT_TEAM = UGMQQP3AYQ;
				GENERATE_INFOPLIST_FILE = YES;
				MARKETING_VERSION = 1.0;
				PRODUCT_BUNDLE_IDENTIFIER = com.yusuf.MyParkingLotAppUITests;
				PRODUCT_NAME = "$(TARGET_NAME)";
				SWIFT_EMIT_LOC_STRINGS = NO;
				SWIFT_VERSION = 5.0;
				TARGETED_DEVICE_FAMILY = "1,2";
				TEST_TARGET_NAME = MyParkingLotApp;
			};
			name = Release;
		};
/* End XCBuildConfiguration section */

/* Begin XCConfigurationList section */
		F52506C02ACDABE10008FFC3 /* Build configuration list for PBXProject "MyParkingLotApp" */ = {
			isa = XCConfigurationList;
			buildConfigurations = (
				F52506F02ACDABE20008FFC3 /* Debug */,
				F52506F12ACDABE20008FFC3 /* Release */,
			);
			defaultConfigurationIsVisible = 0;
			defaultConfigurationName = Release;
		};
		F52506F22ACDABE20008FFC3 /* Build configuration list for PBXNativeTarget "MyParkingLotApp" */ = {
			isa = XCConfigurationList;
			buildConfigurations = (
				F52506F32ACDABE20008FFC3 /* Debug */,
				F52506F42ACDABE20008FFC3 /* Release */,
			);
			defaultConfigurationIsVisible = 0;
			defaultConfigurationName = Release;
		};
		F52506F52ACDABE20008FFC3 /* Build configuration list for PBXNativeTarget "MyParkingLotAppTests" */ = {
			isa = XCConfigurationList;
			buildConfigurations = (
				F52506F62ACDABE20008FFC3 /* Debug */,
				F52506F72ACDABE20008FFC3 /* Release */,
			);
			defaultConfigurationIsVisible = 0;
			defaultConfigurationName = Release;
		};
		F52506F82ACDABE20008FFC3 /* Build configuration list for PBXNativeTarget "MyParkingLotAppUITests" */ = {
			isa = XCConfigurationList;
			buildConfigurations = (
				F52506F92ACDABE20008FFC3 /* Debug */,
				F52506FA2ACDABE20008FFC3 /* Release */,
			);
			defaultConfigurationIsVisible = 0;
			defaultConfigurationName = Release;
		};
/* End XCConfigurationList section */
	};
	rootObject = F52506BD2ACDABE10008FFC3 /* Project object */;
}
